
Microsoft Visual Studio Solution File, Format Version 12.00
# Visual Studio Version 16
VisualStudioVersion = 16.0.810.16
MinimumVisualStudioVersion = 10.0.40219.1
Project("{FAE04EC0-301F-11D3-BF4B-00C04F79EFBC}") = "Chess", "Chess\Chess.csproj", "{38EA3484-86CA-454E-97C1-B28355D05BFC}"
EndProject
Project("{FAE04EC0-301F-11D3-BF4B-00C04F79EFBC}") = "TestProject", "TestProject\TestProject.csproj", "{32834923-38C5-472E-8051-F2BD7D702E80}"
EndProject
Global
	GlobalSection(SolutionConfigurationPlatforms) = preSolution
		Debug|Any CPU = Debug|Any CPU
		Release|Any CPU = Release|Any CPU
	EndGlobalSection
	GlobalSection(ProjectConfigurationPlatforms) = postSolution
		{38EA3484-86CA-454E-97C1-B28355D05BFC}.Debug|Any CPU.ActiveCfg = Debug|Any CPU
		{38EA3484-86CA-454E-97C1-B28355D05BFC}.Debug|Any CPU.Build.0 = Debug|Any CPU
		{38EA3484-86CA-454E-97C1-B28355D05BFC}.Release|Any CPU.ActiveCfg = Release|Any CPU
		{38EA3484-86CA-454E-97C1-B28355D05BFC}.Release|Any CPU.Build.0 = Release|Any CPU
		{32834923-38C5-472E-8051-F2BD7D702E80}.Debug|Any CPU.ActiveCfg = Debug|Any CPU
		{32834923-38C5-472E-8051-F2BD7D702E80}.Debug|Any CPU.Build.0 = Debug|Any CPU
		{32834923-38C5-472E-8051-F2BD7D702E80}.Release|Any CPU.ActiveCfg = Release|Any CPU
		{32834923-38C5-472E-8051-F2BD7D702E80}.Release|Any CPU.Build.0 = Release|Any CPU
	EndGlobalSection
	GlobalSection(SolutionProperties) = preSolution
		HideSolutionNode = FALSE
	EndGlobalSection
	GlobalSection(ExtensibilityGlobals) = postSolution
		SolutionGuid = {5BCC3C51-5B6C-4348-B853-8F94C65793D9}
	EndGlobalSection
EndGlobal
